
Microsoft Visual Studio Solution File, Format Version 12.00
Project("{FAE04EC0-301F-11D3-BF4B-00C04F79EFBC}") = "binary_node1", "binary_node1\binary_node1.csproj", "{920B5001-FD08-4E08-B8EB-85054EC3BBCD}"
EndProject
Global
	GlobalSection(SolutionConfigurationPlatforms) = preSolution
		Debug|Any CPU = Debug|Any CPU
		Release|Any CPU = Release|Any CPU
	EndGlobalSection
	GlobalSection(ProjectConfigurationPlatforms) = postSolution
		{920B5001-FD08-4E08-B8EB-85054EC3BBCD}.Debug|Any CPU.ActiveCfg = Debug|Any CPU
		{920B5001-FD08-4E08-B8EB-85054EC3BBCD}.Debug|Any CPU.Build.0 = Debug|Any CPU
		{920B5001-FD08-4E08-B8EB-85054EC3BBCD}.Release|Any CPU.ActiveCfg = Release|Any CPU
		{920B5001-FD08-4E08-B8EB-85054EC3BBCD}.Release|Any CPU.Build.0 = Release|Any CPU
	EndGlobalSection
EndGlobal
